PODS:
  - Flutter (1.0.0)
  - flutter_colors_border (0.0.1):
    - Flutter

DEPENDENCIES:
  - Flutter (from `Flutter`)
  - flutter_colors_border (from `.symlinks/plugins/flutter_colors_border/ios`)

EXTERNAL SOURCES:
  Flutter:
    :path: Flutter
  flutter_colors_border:
    :path: ".symlinks/plugins/flutter_colors_border/ios"

SPEC CHECKSUMS:
  Flutter: 434fef37c0980e73bb6479ef766c45957d4b510c
  flutter_colors_border: 9d0e38876c41081d638d9f25990751517e48b222

PODFILE CHECKSUM: aafe91acc616949ddb318b77800a7f51bffa2a4c

COCOAPODS: 1.10.1
